
Microsoft Visual Studio Solution File, Format Version 12.00
# Visual Studio Version 17
VisualStudioVersion = 17.5.33502.453
MinimumVisualStudioVersion = 10.0.40219.1
Project("{FAE04EC0-301F-11D3-BF4B-00C04F79EFBC}") = "ProyectoHebra", "ProyectoHebra\ProyectoHebra.csproj", "{9CDCDA3E-356B-46BF-A626-16DA08E401E8}"
EndProject
Global
	GlobalSection(SolutionConfigurationPlatforms) = preSolution
		Debug|Any CPU = Debug|Any CPU
		Release|Any CPU = Release|Any CPU
	EndGlobalSection
	GlobalSection(ProjectConfigurationPlatforms) = postSolution
		{9CDCDA3E-356B-46BF-A626-16DA08E401E8}.Debug|Any CPU.ActiveCfg = Debug|Any CPU
		{9CDCDA3E-356B-46BF-A626-16DA08E401E8}.Debug|Any CPU.Build.0 = Debug|Any CPU
		{9CDCDA3E-356B-46BF-A626-16DA08E401E8}.Release|Any CPU.ActiveCfg = Release|Any CPU
		{9CDCDA3E-356B-46BF-A626-16DA08E401E8}.Release|Any CPU.Build.0 = Release|Any CPU
	EndGlobalSection
	GlobalSection(SolutionProperties) = preSolution
		HideSolutionNode = FALSE
	EndGlobalSection
	GlobalSection(ExtensibilityGlobals) = postSolution
		SolutionGuid = {752336CB-C244-405C-A1E4-66C7D08AE66A}
	EndGlobalSection
EndGlobal
